{
	"name": "@dsbunny/agent-schema",
	"version": "7.0.20",
	"lockfileVersion": 3,
	"requires": true,
	"packages": {
		"": {
			"name": "@dsbunny/agent-schema",
			"version": "7.0.20",
			"license": "MIT",
			"devDependencies": {
				"@dsbunny/capdb-schema": "github:dsbunny/capdb-schema#169a15a",
				"@dsbunny/recipe-schema": "github:dsbunny/recipe-schema#000e141",
				"@dsbunny/rmm-schema": "github:dsbunny/rmm-schema#c888aab",
				"typescript": "^5.9.3",
				"zod": "^4.3.6"
			},
			"peerDependencies": {
				"@dsbunny/capdb-schema": "github:dsbunny/capdb-schema",
				"@dsbunny/recipe-schema": "github:dsbunny/recipe-schema",
				"@dsbunny/rmm-schema": "github:dsbunny/rmm-schema",
				"zod": "^4.3.0"
			}
		},
		"node_modules/@dsbunny/capdb-schema": {
			"version": "4.0.7",
			"resolved": "git+ssh://git@github.com/dsbunny/capdb-schema.git#169a15aca93465465297c2cc2ad77b60b9437363",
			"dev": true,
			"license": "MIT",
			"peerDependencies": {
				"@dsbunny/error-schema": "github:dsbunny/error-schema",
				"zod": "^4.3.0"
			}
		},
		"node_modules/@dsbunny/error-schema": {
			"version": "2.0.1",
			"resolved": "git+ssh://git@github.com/dsbunny/error-schema.git#86d038bccaa4fab72dfaad344e8233bce465856b",
			"dev": true,
			"license": "MIT",
			"peer": true,
			"peerDependencies": {
				"zod": "^4.0.0"
			}
		},
		"node_modules/@dsbunny/recipe-schema": {
			"version": "3.0.2",
			"resolved": "git+ssh://git@github.com/dsbunny/recipe-schema.git#000e141ca8753e1131fad2b592631a28f973370b",
			"dev": true,
			"license": "MIT",
			"peerDependencies": {
				"zod": "^4.3.0"
			}
		},
		"node_modules/@dsbunny/rmm-schema": {
			"version": "9.0.17",
			"resolved": "git+ssh://git@github.com/dsbunny/rmm-schema.git#c888aab251f6fb02d0a549e4b630ed31f479231c",
			"dev": true,
			"license": "MIT",
			"peerDependencies": {
				"@dsbunny/error-schema": "github:dsbunny/error-schema",
				"@dsbunny/webhook-schema": "github:dsbunny/webhook-schema",
				"zod": "^4.3.0"
			}
		},
		"node_modules/@dsbunny/webhook-schema": {
			"version": "2.0.1",
			"resolved": "git+ssh://git@github.com/dsbunny/webhook-schema.git#de1d05d1081980ce2621a7595b2a30276bc8295a",
			"dev": true,
			"license": "MIT",
			"peer": true,
			"peerDependencies": {
				"zod": "^4.0.0"
			}
		},
		"node_modules/typescript": {
			"version": "5.9.3",
			"resolved": "https://registry.npmjs.org/typescript/-/typescript-5.9.3.tgz",
			"integrity": "sha512-jl1vZzPDinLr9eUt3J/t7V6FgNEw9QjvBPdysz9KfQDD41fQrC2Y4vKQdiaUpFT4bXlb1RHhLpp8wtm6M5TgSw==",
			"dev": true,
			"license": "Apache-2.0",
			"bin": {
				"tsc": "bin/tsc",
				"tsserver": "bin/tsserver"
			},
			"engines": {
				"node": ">=14.17"
			}
		},
		"node_modules/zod": {
			"version": "4.6.5",
			"resolved": "https://registry.npmjs.org/zod/-/zod-4.6.5.tgz",
			"integrity": "sha512-v5l/aFXZQeai4awLbOpSoHecE9UiMrnfx75tEXLjNonXVARxQ5mOeipTjROUchszUNCqnE+hqAMujRsRHsut2Q==",
			"dev": true,
			"license": "MIT",
			"funding": {
				"url": "https://github.com/sponsors/colinhacks"
			}
		}
	}
}
